[root]
name = "backend_accounting"
version = "0.1.0"
dependencies = [
 "fnv 1.0.2 (registry+https://github.com/rust-lang/crates.io-index)",
 "libc 0.2.12 (registry+https://github.com/rust-lang/crates.io-index)",
 "log 0.3.6 (registry+https://github.com/rust-lang/crates.io-index)",
 "nix 0.6.0 (registry+https://github.com/rust-lang/crates.io-index)",
 "signal 0.2.0 (registry+https://github.com/rust-lang/crates.io-index)",
 "sslrpc2 0.1.0",
 "tempdir 0.3.4 (registry+https://github.com/rust-lang/crates.io-index)",
 "time 0.1.35 (registry+https://github.com/rust-lang/crates.io-index)",
 "yaml-rust 0.3.3 (registry+https://github.com/rust-lang/crates.io-index)",
]

[[package]]
name = "aho-corasick"
version = "0.5.2"
source = "registry+https://github.com/rust-lang/crates.io-index"
dependencies = [
 "memchr 0.1.11 (registry+https://github.com/rust-lang/crates.io-index)",
]

[[package]]
name = "bitflags"
version = "0.4.0"
source = "registry+https://github.com/rust-lang/crates.io-index"

[[package]]
name = "bitflags"
version = "0.7.0"
source = "registry+https://github.com/rust-lang/crates.io-index"

[[package]]
name = "byteorder"
version = "0.3.13"
source = "registry+https://github.com/rust-lang/crates.io-index"

[[package]]
name = "cfg-if"
version = "0.1.0"
source = "registry+https://github.com/rust-lang/crates.io-index"

[[package]]
name = "env_logger"
version = "0.3.3"
source = "registry+https://github.com/rust-lang/crates.io-index"
dependencies = [
 "log 0.3.6 (registry+https://github.com/rust-lang/crates.io-index)",
 "regex 0.1.71 (registry+https://github.com/rust-lang/crates.io-index)",
]

[[package]]
name = "epoll"
version = "0.2.5"
source = "registry+https://github.com/rust-lang/crates.io-index"
dependencies = [
 "errno 0.1.6 (registry+https://github.com/rust-lang/crates.io-index)",
 "libc 0.2.12 (registry+https://github.com/rust-lang/crates.io-index)",
]

[[package]]
name = "errno"
version = "0.1.6"
source = "registry+https://github.com/rust-lang/crates.io-index"
dependencies = [
 "kernel32-sys 0.2.2 (registry+https://github.com/rust-lang/crates.io-index)",
 "libc 0.2.12 (registry+https://github.com/rust-lang/crates.io-index)",
 "winapi 0.2.7 (registry+https://github.com/rust-lang/crates.io-index)",
]

[[package]]
name = "fnv"
version = "1.0.2"
source = "registry+https://github.com/rust-lang/crates.io-index"

[[package]]
name = "gcc"
version = "0.3.28"
source = "registry+https://github.com/rust-lang/crates.io-index"

[[package]]
name = "gdi32-sys"
version = "0.2.0"
source = "registry+https://github.com/rust-lang/crates.io-index"
dependencies = [
 "winapi 0.2.7 (registry+https://github.com/rust-lang/crates.io-index)",
 "winapi-build 0.1.1 (registry+https://github.com/rust-lang/crates.io-index)",
]

[[package]]
name = "kernel32-sys"
version = "0.2.2"
source = "registry+https://github.com/rust-lang/crates.io-index"
dependencies = [
 "winapi 0.2.7 (registry+https://github.com/rust-lang/crates.io-index)",
 "winapi-build 0.1.1 (registry+https://github.com/rust-lang/crates.io-index)",
]

[[package]]
name = "lazy_static"
version = "0.2.1"
source = "registry+https://github.com/rust-lang/crates.io-index"

[[package]]
name = "libc"
version = "0.2.12"
source = "registry+https://github.com/rust-lang/crates.io-index"

[[package]]
name = "libressl-pnacl-sys"
version = "2.1.6"
source = "registry+https://github.com/rust-lang/crates.io-index"
dependencies = [
 "pnacl-build-helper 1.4.10 (registry+https://github.com/rust-lang/crates.io-index)",
]

[[package]]
name = "log"
version = "0.3.6"
source = "registry+https://github.com/rust-lang/crates.io-index"

[[package]]
name = "memchr"
version = "0.1.11"
source = "registry+https://github.com/rust-lang/crates.io-index"
dependencies = [
 "libc 0.2.12 (registry+https://github.com/rust-lang/crates.io-index)",
]

[[package]]
name = "net2"
version = "0.2.23"
source = "registry+https://github.com/rust-lang/crates.io-index"
dependencies = [
 "cfg-if 0.1.0 (registry+https://github.com/rust-lang/crates.io-index)",
 "kernel32-sys 0.2.2 (registry+https://github.com/rust-lang/crates.io-index)",
 "libc 0.2.12 (registry+https://github.com/rust-lang/crates.io-index)",
 "winapi 0.2.7 (registry+https://github.com/rust-lang/crates.io-index)",
 "ws2_32-sys 0.2.1 (registry+https://github.com/rust-lang/crates.io-index)",
]

[[package]]
name = "nix"
version = "0.6.0"
source = "registry+https://github.com/rust-lang/crates.io-index"
dependencies = [
 "bitflags 0.4.0 (registry+https://github.com/rust-lang/crates.io-index)",
 "cfg-if 0.1.0 (registry+https://github.com/rust-lang/crates.io-index)",
 "libc 0.2.12 (registry+https://github.com/rust-lang/crates.io-index)",
 "rustc_version 0.1.7 (registry+https://github.com/rust-lang/crates.io-index)",
 "semver 0.1.20 (registry+https://github.com/rust-lang/crates.io-index)",
 "void 1.0.2 (registry+https://github.com/rust-lang/crates.io-index)",
]

[[package]]
name = "openssl"
version = "0.7.13"
source = "registry+https://github.com/rust-lang/crates.io-index"
dependencies = [
 "bitflags 0.7.0 (registry+https://github.com/rust-lang/crates.io-index)",
 "gcc 0.3.28 (registry+https://github.com/rust-lang/crates.io-index)",
 "lazy_static 0.2.1 (registry+https://github.com/rust-lang/crates.io-index)",
 "libc 0.2.12 (registry+https://github.com/rust-lang/crates.io-index)",
 "openssl-sys 0.7.13 (registry+https://github.com/rust-lang/crates.io-index)",
 "openssl-sys-extras 0.7.13 (registry+https://github.com/rust-lang/crates.io-index)",
]

[[package]]
name = "openssl-sys"
version = "0.7.13"
source = "registry+https://github.com/rust-lang/crates.io-index"
dependencies = [
 "gdi32-sys 0.2.0 (registry+https://github.com/rust-lang/crates.io-index)",
 "libc 0.2.12 (registry+https://github.com/rust-lang/crates.io-index)",
 "libressl-pnacl-sys 2.1.6 (registry+https://github.com/rust-lang/crates.io-index)",
 "pkg-config 0.3.8 (registry+https://github.com/rust-lang/crates.io-index)",
 "user32-sys 0.2.0 (registry+https://github.com/rust-lang/crates.io-index)",
]

[[package]]
name = "openssl-sys-extras"
version = "0.7.13"
source = "registry+https://github.com/rust-lang/crates.io-index"
dependencies = [
 "gcc 0.3.28 (registry+https://github.com/rust-lang/crates.io-index)",
 "libc 0.2.12 (registry+https://github.com/rust-lang/crates.io-index)",
 "openssl-sys 0.7.13 (registry+https://github.com/rust-lang/crates.io-index)",
]

[[package]]
name = "pkg-config"
version = "0.3.8"
source = "registry+https://github.com/rust-lang/crates.io-index"

[[package]]
name = "pnacl-build-helper"
version = "1.4.10"
source = "registry+https://github.com/rust-lang/crates.io-index"
dependencies = [
 "tempdir 0.3.4 (registry+https://github.com/rust-lang/crates.io-index)",
]

[[package]]
name = "rand"
version = "0.3.14"
source = "registry+https://github.com/rust-lang/crates.io-index"
dependencies = [
 "libc 0.2.12 (registry+https://github.com/rust-lang/crates.io-index)",
]

[[package]]
name = "regex"
version = "0.1.71"
source = "registry+https://github.com/rust-lang/crates.io-index"
dependencies = [
 "aho-corasick 0.5.2 (registry+https://github.com/rust-lang/crates.io-index)",
 "memchr 0.1.11 (registry+https://github.com/rust-lang/crates.io-index)",
 "regex-syntax 0.3.3 (registry+https://github.com/rust-lang/crates.io-index)",
 "thread_local 0.2.6 (registry+https://github.com/rust-lang/crates.io-index)",
 "utf8-ranges 0.1.3 (registry+https://github.com/rust-lang/crates.io-index)",
]

[[package]]
name = "regex-syntax"
version = "0.3.3"
source = "registry+https://github.com/rust-lang/crates.io-index"

[[package]]
name = "rmp"
version = "0.7.3"
source = "registry+https://github.com/rust-lang/crates.io-index"
dependencies = [
 "byteorder 0.3.13 (registry+https://github.com/rust-lang/crates.io-index)",
]

[[package]]
name = "rustc_version"
version = "0.1.7"
source = "registry+https://github.com/rust-lang/crates.io-index"
dependencies = [
 "semver 0.1.20 (registry+https://github.com/rust-lang/crates.io-index)",
]

[[package]]
name = "semver"
version = "0.1.20"
source = "registry+https://github.com/rust-lang/crates.io-index"

[[package]]
name = "signal"
version = "0.2.0"
source = "registry+https://github.com/rust-lang/crates.io-index"
dependencies = [
 "libc 0.2.12 (registry+https://github.com/rust-lang/crates.io-index)",
 "nix 0.6.0 (registry+https://github.com/rust-lang/crates.io-index)",
]

[[package]]
name = "sslrpc2"
version = "0.1.0"
dependencies = [
 "env_logger 0.3.3 (registry+https://github.com/rust-lang/crates.io-index)",
 "epoll 0.2.5 (registry+https://github.com/rust-lang/crates.io-index)",
 "fnv 1.0.2 (registry+https://github.com/rust-lang/crates.io-index)",
 "libc 0.2.12 (registry+https://github.com/rust-lang/crates.io-index)",
 "log 0.3.6 (registry+https://github.com/rust-lang/crates.io-index)",
 "net2 0.2.23 (registry+https://github.com/rust-lang/crates.io-index)",
 "openssl 0.7.13 (registry+https://github.com/rust-lang/crates.io-index)",
 "rmp 0.7.3 (registry+https://github.com/rust-lang/crates.io-index)",
]

[[package]]
name = "tempdir"
version = "0.3.4"
source = "registry+https://github.com/rust-lang/crates.io-index"
dependencies = [
 "rand 0.3.14 (registry+https://github.com/rust-lang/crates.io-index)",
]

[[package]]
name = "thread-id"
version = "2.0.0"
source = "registry+https://github.com/rust-lang/crates.io-index"
dependencies = [
 "kernel32-sys 0.2.2 (registry+https://github.com/rust-lang/crates.io-index)",
 "libc 0.2.12 (registry+https://github.com/rust-lang/crates.io-index)",
]

[[package]]
name = "thread_local"
version = "0.2.6"
source = "registry+https://github.com/rust-lang/crates.io-index"
dependencies = [
 "thread-id 2.0.0 (registry+https://github.com/rust-lang/crates.io-index)",
]

[[package]]
name = "time"
version = "0.1.35"
source = "registry+https://github.com/rust-lang/crates.io-index"
dependencies = [
 "kernel32-sys 0.2.2 (registry+https://github.com/rust-lang/crates.io-index)",
 "libc 0.2.12 (registry+https://github.com/rust-lang/crates.io-index)",
 "winapi 0.2.7 (registry+https://github.com/rust-lang/crates.io-index)",
]

[[package]]
name = "user32-sys"
version = "0.2.0"
source = "registry+https://github.com/rust-lang/crates.io-index"
dependencies = [
 "winapi 0.2.7 (registry+https://github.com/rust-lang/crates.io-index)",
 "winapi-build 0.1.1 (registry+https://github.com/rust-lang/crates.io-index)",
]

[[package]]
name = "utf8-ranges"
version = "0.1.3"
source = "registry+https://github.com/rust-lang/crates.io-index"

[[package]]
name = "void"
version = "1.0.2"
source = "registry+https://github.com/rust-lang/crates.io-index"

[[package]]
name = "winapi"
version = "0.2.7"
source = "registry+https://github.com/rust-lang/crates.io-index"

[[package]]
name = "winapi-build"
version = "0.1.1"
source = "registry+https://github.com/rust-lang/crates.io-index"

[[package]]
name = "ws2_32-sys"
version = "0.2.1"
source = "registry+https://github.com/rust-lang/crates.io-index"
dependencies = [
 "winapi 0.2.7 (registry+https://github.com/rust-lang/crates.io-index)",
 "winapi-build 0.1.1 (registry+https://github.com/rust-lang/crates.io-index)",
]

[[package]]
name = "yaml-rust"
version = "0.3.3"
source = "registry+https://github.com/rust-lang/crates.io-index"

[metadata]
"checksum aho-corasick 0.5.2 (registry+https://github.com/rust-lang/crates.io-index)" = "2b3fb52b09c1710b961acb35390d514be82e4ac96a9969a8e38565a29b878dc9"
"checksum bitflags 0.4.0 (registry+https://github.com/rust-lang/crates.io-index)" = "8dead7461c1127cf637931a1e50934eb6eee8bff2f74433ac7909e9afcee04a3"
"checksum bitflags 0.7.0 (registry+https://github.com/rust-lang/crates.io-index)" = "aad18937a628ec6abcd26d1489012cc0e18c21798210f491af69ded9b881106d"
"checksum byteorder 0.3.13 (registry+https://github.com/rust-lang/crates.io-index)" = "29b2aa490a8f546381308d68fc79e6bd753cd3ad839f7a7172897f1feedfa175"
"checksum cfg-if 0.1.0 (registry+https://github.com/rust-lang/crates.io-index)" = "de1e760d7b6535af4241fca8bd8adf68e2e7edacc6b29f5d399050c5e48cf88c"
"checksum env_logger 0.3.3 (registry+https://github.com/rust-lang/crates.io-index)" = "aba65b63ffcc17ffacd6cf5aa843da7c5a25e3bd4bbe0b7def8b214e411250e5"
"checksum epoll 0.2.5 (registry+https://github.com/rust-lang/crates.io-index)" = "67ecc417f051389b989ec9309d79cc074384b68c296804bbe50a1efecee31837"
"checksum errno 0.1.6 (registry+https://github.com/rust-lang/crates.io-index)" = "76d4bc3face605265a22da8c2778f4b1dad7171151aa52d97e8225644d2616fe"
"checksum fnv 1.0.2 (registry+https://github.com/rust-lang/crates.io-index)" = "6986d86e860ee9eb8fa701235b1c63dc7a2a2054b8e96114611dfa8fd48c950f"
"checksum gcc 0.3.28 (registry+https://github.com/rust-lang/crates.io-index)" = "3da3a2cbaeb01363c8e3704fd9fd0eb2ceb17c6f27abd4c1ef040fb57d20dc79"
"checksum gdi32-sys 0.2.0 (registry+https://github.com/rust-lang/crates.io-index)" = "0912515a8ff24ba900422ecda800b52f4016a56251922d397c576bf92c690518"
"checksum kernel32-sys 0.2.2 (registry+https://github.com/rust-lang/crates.io-index)" = "7507624b29483431c0ba2d82aece8ca6cdba9382bff4ddd0f7490560c056098d"
"checksum lazy_static 0.2.1 (registry+https://github.com/rust-lang/crates.io-index)" = "49247ec2a285bb3dcb23cbd9c35193c025e7251bfce77c1d5da97e6362dffe7f"
"checksum libc 0.2.12 (registry+https://github.com/rust-lang/crates.io-index)" = "97def9dc7ce1d8e153e693e3a33020bc69972181adb2f871e87e888876feae49"
"checksum libressl-pnacl-sys 2.1.6 (registry+https://github.com/rust-lang/crates.io-index)" = "cbc058951ab6a3ef35ca16462d7642c4867e6403520811f28537a4e2f2db3e71"
"checksum log 0.3.6 (registry+https://github.com/rust-lang/crates.io-index)" = "ab83497bf8bf4ed2a74259c1c802351fcd67a65baa86394b6ba73c36f4838054"
"checksum memchr 0.1.11 (registry+https://github.com/rust-lang/crates.io-index)" = "d8b629fb514376c675b98c1421e80b151d3817ac42d7c667717d282761418d20"
"checksum net2 0.2.23 (registry+https://github.com/rust-lang/crates.io-index)" = "6a816012ca11cb47009693c1e0c6130e26d39e4d97ee2a13c50e868ec83e3204"
"checksum nix 0.6.0 (registry+https://github.com/rust-lang/crates.io-index)" = "7a7bb1da2be7da3cbffda73fc681d509ffd9e665af478d2bee1907cee0bc64b2"
"checksum openssl 0.7.13 (registry+https://github.com/rust-lang/crates.io-index)" = "81ff0208f23e726e747375d34e40c93d037a5b504de7305117dfe5ad72516d2d"
"checksum openssl-sys 0.7.13 (registry+https://github.com/rust-lang/crates.io-index)" = "618753feb53784e3ccb131811ed0b02f80640da89fb33b165d69146564b02085"
"checksum openssl-sys-extras 0.7.13 (registry+https://github.com/rust-lang/crates.io-index)" = "01838027da8e31ab4d3530fc5d6752bfd92dcc8e0ae070633e69f2b020bd0f36"
"checksum pkg-config 0.3.8 (registry+https://github.com/rust-lang/crates.io-index)" = "8cee804ecc7eaf201a4a207241472cc870e825206f6c031e3ee2a72fa425f2fa"
"checksum pnacl-build-helper 1.4.10 (registry+https://github.com/rust-lang/crates.io-index)" = "61c9231d31aea845007443d62fcbb58bb6949ab9c18081ee1e09920e0cf1118b"
"checksum rand 0.3.14 (registry+https://github.com/rust-lang/crates.io-index)" = "2791d88c6defac799c3f20d74f094ca33b9332612d9aef9078519c82e4fe04a5"
"checksum regex 0.1.71 (registry+https://github.com/rust-lang/crates.io-index)" = "e58a1b7d2bfecc0746e8587c30a53d01ea7bc0e98fac54e5aaa375b94338a0cc"
"checksum regex-syntax 0.3.3 (registry+https://github.com/rust-lang/crates.io-index)" = "baa04823ba7be7ed0bed3d0704c7b923019d9c4e4931c5af2804c7c7a0e3d00b"
"checksum rmp 0.7.3 (registry+https://github.com/rust-lang/crates.io-index)" = "d627734813936c08e50ba10cfc30dd9c68b02b00a10843cc748272a5dcc970d9"
"checksum rustc_version 0.1.7 (registry+https://github.com/rust-lang/crates.io-index)" = "c5f5376ea5e30ce23c03eb77cbe4962b988deead10910c372b226388b594c084"
"checksum semver 0.1.20 (registry+https://github.com/rust-lang/crates.io-index)" = "d4f410fedcf71af0345d7607d246e7ad15faaadd49d240ee3b24e5dc21a820ac"
"checksum signal 0.2.0 (registry+https://github.com/rust-lang/crates.io-index)" = "beb615e58999635b6063277cf520f2d88824955c1056cf4f166b0f55b218512d"
"checksum tempdir 0.3.4 (registry+https://github.com/rust-lang/crates.io-index)" = "0b62933a3f96cd559700662c34f8bab881d9e3540289fb4f368419c7f13a5aa9"
"checksum thread-id 2.0.0 (registry+https://github.com/rust-lang/crates.io-index)" = "a9539db560102d1cef46b8b78ce737ff0bb64e7e18d35b2a5688f7d097d0ff03"
"checksum thread_local 0.2.6 (registry+https://github.com/rust-lang/crates.io-index)" = "55dd963dbaeadc08aa7266bf7f91c3154a7805e32bb94b820b769d2ef3b4744d"
"checksum time 0.1.35 (registry+https://github.com/rust-lang/crates.io-index)" = "3c7ec6d62a20df54e07ab3b78b9a3932972f4b7981de295563686849eb3989af"
"checksum user32-sys 0.2.0 (registry+https://github.com/rust-lang/crates.io-index)" = "4ef4711d107b21b410a3a974b1204d9accc8b10dad75d8324b5d755de1617d47"
"checksum utf8-ranges 0.1.3 (registry+https://github.com/rust-lang/crates.io-index)" = "a1ca13c08c41c9c3e04224ed9ff80461d97e121589ff27c753a16cb10830ae0f"
"checksum void 1.0.2 (registry+https://github.com/rust-lang/crates.io-index)" = "6a02e4885ed3bc0f2de90ea6dd45ebcbb66dacffe03547fadbb0eeae2770887d"
"checksum winapi 0.2.7 (registry+https://github.com/rust-lang/crates.io-index)" = "3969e500d618a5e974917ddefd0ba152e4bcaae5eb5d9b8c1fbc008e9e28c24e"
"checksum winapi-build 0.1.1 (registry+https://github.com/rust-lang/crates.io-index)" = "2d315eee3b34aca4797b2da6b13ed88266e6d612562a0c46390af8299fc699bc"
"checksum ws2_32-sys 0.2.1 (registry+https://github.com/rust-lang/crates.io-index)" = "d59cefebd0c892fa2dd6de581e937301d8552cb44489cdff035c6187cb63fa5e"
"checksum yaml-rust 0.3.3 (registry+https://github.com/rust-lang/crates.io-index)" = "ebfe12f475ad59be6178ebf004d51e682022496535994f8d23fd7ed31084598c"
